{
  "requires": true,
  "lockfileVersion": 1,
  "dependencies": {
    "fg-select-css": {
      "version": "3.2.0",
      "resolved": "https://registry.npmjs.org/fg-select-css/-/fg-select-css-3.2.0.tgz",
      "integrity": "sha512-rTjgTDmUV4doxX7cJRvayo2D8m36T2NgbS1ZbFVhcesIxpp8kPgRMr+8Iu5mZbxgwCOZcPQqzVj74uqBHmnjxg=="
    }
  }
}
